<?xml version="1.0" encoding="utf-8"?>
<Project ToolsVersion="4.0" xmlns="http://schemas.microsoft.com/developer/msbuild/2003">
  <ItemGroup>
    <Filter Include="Resource Files">
      <UniqueIdentifier>{67DA6AB6-F800-4c08-8B7A-83BB121AAD01}</UniqueIdentifier>
      <Extensions>rc;ico;cur;bmp;dlg;rc2;rct;bin;rgs;gif;jpg;jpeg;jpe;resx;tiff;tif;png;wav;mfcribbon-ms</Extensions>
    </Filter>
    <Filter Include="Tools">
      <UniqueIdentifier>{fe7d98c3-f2ea-4e6a-8f27-f1ed8f4a8c89}</UniqueIdentifier>
    </Filter>
    <Filter Include="Preferences">
      <UniqueIdentifier>{d64bd933-0b73-42d5-8cbf-5d0cd570d3f5}</UniqueIdentifier>
    </Filter>
    <Filter Include="Tools\Material">
      <UniqueIdentifier>{e150aed8-a0ec-44bb-9b88-6c1e68e42c98}</UniqueIdentifier>
    </Filter>
    <Filter Include="Tools\WAD">
      <UniqueIdentifier>{174dcc66-1235-4b5a-9ce1-f3c68bb93c9f}</UniqueIdentifier>
    </Filter>
    <Filter Include="Tools\Model">
      <UniqueIdentifier>{def462c2-3034-4f73-9d9e-017c86a81080}</UniqueIdentifier>
    </Filter>
    <Filter Include="Viewport">
      <UniqueIdentifier>{1c9c608f-c4b4-4f2c-a117-d9ca7ac65d10}</UniqueIdentifier>
    </Filter>
  </ItemGroup>
  <ItemGroup>
    <ClInclude Include="EditorBase.h" />
    <ClInclude Include="resource.h" />
    <ClInclude Include="EditorConsolePanel.h" />
    <ClInclude Include="preferences\PreferencesDialog.h">
      <Filter>Preferences</Filter>
    </ClInclude>
    <ClInclude Include="material_frame.h">
      <Filter>Tools\Material</Filter>
    </ClInclude>
    <ClInclude Include="wad_frame.h">
      <Filter>Tools\WAD</Filter>
    </ClInclude>
    <ClInclude Include="base_viewportpanel.h">
      <Filter>Viewport</Filter>
    </ClInclude>
    <ClInclude Include="base_rendercanvas.h">
      <Filter>Viewport</Filter>
    </ClInclude>
    <ClInclude Include="editor.h" />
    <ClInclude Include="main_frame.h" />
    <ClInclude Include="model_frame.h">
      <Filter>Tools\Model</Filter>
    </ClInclude>
  </ItemGroup>
  <ItemGroup>
    <ClCompile Include="EditorConsolePanel.cpp" />
    <ClCompile Include="preferences\PreferencesDialog.cpp">
      <Filter>Preferences</Filter>
    </ClCompile>
    <ClCompile Include="material_frame.cpp">
      <Filter>Tools\Material</Filter>
    </ClCompile>
    <ClCompile Include="wad_frame.cpp">
      <Filter>Tools\WAD</Filter>
    </ClCompile>
    <ClCompile Include="model_frame.cpp">
      <Filter>Tools\Model</Filter>
    </ClCompile>
    <ClCompile Include="base_viewportpanel.cpp">
      <Filter>Viewport</Filter>
    </ClCompile>
    <ClCompile Include="base_rendercanvas.cpp">
      <Filter>Viewport</Filter>
    </ClCompile>
    <ClCompile Include="material_browser.cpp">
      <Filter>Tools\Material</Filter>
    </ClCompile>
    <ClCompile Include="editor_engineinterface.cpp" />
    <ClCompile Include="editor.cpp" />
    <ClCompile Include="main_frame.cpp" />
  </ItemGroup>
  <ItemGroup>
    <ResourceCompile Include="Material Editor.rc">
      <Filter>Resource Files</Filter>
    </ResourceCompile>
  </ItemGroup>
  <ItemGroup>
    <Image Include="icon\icon.ico">
      <Filter>Resource Files</Filter>
    </Image>
  </ItemGroup>
</Project>