<?xml version="1.0" encoding="UTF-8" standalone="yes" ?>
<CodeBlocks_project_file>
	<FileVersion major="1" minor="6" />
	<Project>
		<Option title="Engine" />
		<Option pch_mode="2" />
		<Option compiler="gcc" />
		<Build>
			<Target title="x64">
				<Option output="../bin/engine/engine.x64.so" prefix_auto="0" extension_auto="0" />
				<Option working_dir="../bin" />
				<Option object_output="obj/Release/" />
				<Option type="3" />
				<Option compiler="gcc" />
				<Option host_application="/home/hogsy/git/KatanaEngine/bin/Launcher.x64" />
				<Option run_host_application_in_terminal="0" />
				<Option createDefFile="1" />
				<Option createStaticLib="1" />
				<Linker>
					<Add library="../platform/lib/libplatformx64.a" />
				</Linker>
			</Target>
			<Target title="x86">
				<Option output="../bin/engine/engine.x86.so" prefix_auto="0" extension_auto="0" />
				<Option working_dir="../bin" />
				<Option object_output="obj/Release/" />
				<Option type="3" />
				<Option compiler="gcc" />
				<Option createDefFile="1" />
				<Option createStaticLib="1" />
				<Compiler>
					<Add option="-m32" />
				</Compiler>
				<Linker>
					<Add library="../platform/lib/libplatformx86.a" />
				</Linker>
			</Target>
		</Build>
		<Compiler>
			<Add option="-Wall" />
			<Add option="-g" />
			<Add option="-fPIC" />
			<Add option="-DKATANA" />
			<Add directory="." />
			<Add directory=".." />
			<Add directory="../external" />
			<Add directory="../shared" />
			<Add directory="../common" />
			<Add directory="../game/shared" />
			<Add directory="../Include" />
			<Add directory="../platform/include" />
			<Add directory="../external/SDL2/include" />
			<Add directory="../external/glee" />
		</Compiler>
		<Linker>
			<Add option="-lGL" />
			<Add option="-lGLU" />
			<Add option="-lopenal" />
			<Add option="-lX11" />
			<Add option="-lSDL2" />
			<Add option="-ldl" />
		</Linker>
		<Unit filename="../external/glee/GLee.c">
			<Option compilerVar="CC" />
		</Unit>
		<Unit filename="../external/glee/GLee.h" />
		<Unit filename="../shared/shared_client.h" />
		<Unit filename="../shared/shared_editor.h" />
		<Unit filename="../shared/shared_engine.h" />
		<Unit filename="../shared/shared_flags.h" />
		<Unit filename="../shared/shared_formats.c">
			<Option compilerVar="CC" />
		</Unit>
		<Unit filename="../shared/shared_formats.h" />
		<Unit filename="../shared/shared_game.h" />
		<Unit filename="../shared/shared_input.h" />
		<Unit filename="../shared/shared_menu.h" />
		<Unit filename="../shared/shared_module.h" />
		<Unit filename="../shared/shared_server.h" />
		<Unit filename="../shared/shared_video.h" />
		<Unit filename="EngineAudioDMA.c">
			<Option compilerVar="CC" />
		</Unit>
		<Unit filename="EngineAudioDummy.c">
			<Option compilerVar="CC" />
		</Unit>
		<Unit filename="EngineAudioMem.c">
			<Option compilerVar="CC" />
		</Unit>
		<Unit filename="EngineAudioMix.c">
			<Option compilerVar="CC" />
		</Unit>
		<Unit filename="EngineClientChase.c">
			<Option compilerVar="CC" />
		</Unit>
		<Unit filename="EngineClientDemo.c">
			<Option compilerVar="CC" />
		</Unit>
		<Unit filename="EngineClientParse.c">
			<Option compilerVar="CC" />
		</Unit>
		<Unit filename="EngineClientView.c">
			<Option compilerVar="CC" />
		</Unit>
		<Unit filename="EngineHost.c">
			<Option compilerVar="CC" />
		</Unit>
		<Unit filename="EngineMaterialEditor.c">
			<Option compilerVar="CC" />
		</Unit>
		<Unit filename="EngineNetwork.c">
			<Option compilerVar="CC" />
		</Unit>
		<Unit filename="EngineNetworkDummy.c">
			<Option compilerVar="CC" />
		</Unit>
		<Unit filename="EngineNetworkMaster.c">
			<Option compilerVar="CC" />
		</Unit>
		<Unit filename="EngineSDLWindow.c">
			<Option compilerVar="CC" />
		</Unit>
		<Unit filename="EngineVideoAlias.c">
			<Option compilerVar="CC" />
		</Unit>
		<Unit filename="EngineVideoBrush.c">
			<Option compilerVar="CC" />
		</Unit>
		<Unit filename="EngineVideoFog.c">
			<Option compilerVar="CC" />
		</Unit>
		<Unit filename="EngineVideoFont.c">
			<Option compilerVar="CC" />
		</Unit>
		<Unit filename="EngineVideoLayer.c">
			<Option compilerVar="CC" />
		</Unit>
		<Unit filename="EngineVideoLegacy.c">
			<Option compilerVar="CC" />
		</Unit>
		<Unit filename="EngineVideoLights.c">
			<Option compilerVar="CC" />
		</Unit>
		<Unit filename="EngineVideoMaterial.c">
			<Option compilerVar="CC" />
		</Unit>
		<Unit filename="EngineVideoMaterial.h" />
		<Unit filename="EngineVideoObject.c">
			<Option compilerVar="CC" />
		</Unit>
		<Unit filename="EngineVideoPrimitive.c">
			<Option compilerVar="CC" />
		</Unit>
		<Unit filename="EngineVideoScreen.c">
			<Option compilerVar="CC" />
		</Unit>
		<Unit filename="EngineVideoSky.c">
			<Option compilerVar="CC" />
		</Unit>
		<Unit filename="EngineVideoSprite.c">
			<Option compilerVar="CC" />
		</Unit>
		<Unit filename="EngineVideoWarp.c">
			<Option compilerVar="CC" />
		</Unit>
		<Unit filename="EngineVideoWorld.c">
			<Option compilerVar="CC" />
		</Unit>
		<Unit filename="EngineWindow.h" />
		<Unit filename="KatAlias.h" />
		<Unit filename="ZirconLoader.c">
			<Option compilerVar="CC" />
		</Unit>
		<Unit filename="ZirconLoader.h" />
		<Unit filename="audio.c">
			<Option compilerVar="CC" />
		</Unit>
		<Unit filename="audio.h" />
		<Unit filename="cl_input.c">
			<Option compilerVar="CC" />
		</Unit>
		<Unit filename="client.h" />
		<Unit filename="client_main.c">
			<Option compilerVar="CC" />
		</Unit>
		<Unit filename="client_tent.c">
			<Option compilerVar="CC" />
		</Unit>
		<Unit filename="cmd.h" />
		<Unit filename="cmdlib.c">
			<Option compilerVar="CC" />
		</Unit>
		<Unit filename="cmdlib.h" />
		<Unit filename="common.c">
			<Option compilerVar="CC" />
		</Unit>
		<Unit filename="common.h" />
		<Unit filename="conproc.h" />
		<Unit filename="console.c">
			<Option compilerVar="CC" />
		</Unit>
		<Unit filename="console.h" />
		<Unit filename="console_command.c">
			<Option compilerVar="CC" />
		</Unit>
		<Unit filename="console_variable.c">
			<Option compilerVar="CC" />
		</Unit>
		<Unit filename="crc.c">
			<Option compilerVar="CC" />
		</Unit>
		<Unit filename="crc.h" />
		<Unit filename="cvar.h" />
		<Unit filename="draw.h" />
		<Unit filename="engine_client.c">
			<Option compilerVar="CC" />
		</Unit>
		<Unit filename="engine_client.h" />
		<Unit filename="engine_clientinput.c">
			<Option compilerVar="CC" />
		</Unit>
		<Unit filename="engine_clientinput.h" />
		<Unit filename="engine_console.c">
			<Option compilerVar="CC" />
		</Unit>
		<Unit filename="engine_console.h" />
		<Unit filename="engine_edict.h" />
		<Unit filename="engine_editor.c">
			<Option compilerVar="CC" />
		</Unit>
		<Unit filename="engine_editor.h" />
		<Unit filename="engine_loader.h" />
		<Unit filename="engine_main.c">
			<Option compilerVar="CC" />
		</Unit>
		<Unit filename="engine_main.h" />
		<Unit filename="engine_material.h" />
		<Unit filename="engine_model.c">
			<Option compilerVar="CC" />
		</Unit>
		<Unit filename="engine_model.h" />
		<Unit filename="engine_modgame.c">
			<Option compilerVar="CC" />
		</Unit>
		<Unit filename="engine_modgame.h" />
		<Unit filename="engine_modmenu.c">
			<Option compilerVar="CC" />
		</Unit>
		<Unit filename="engine_modmenu.h" />
		<Unit filename="engine_net.h" />
		<Unit filename="engine_netdgrm.c">
			<Option compilerVar="CC" />
		</Unit>
		<Unit filename="engine_netdgrm.h" />
		<Unit filename="engine_netloop.c">
			<Option compilerVar="CC" />
		</Unit>
		<Unit filename="engine_netloop.h" />
		<Unit filename="engine_netserial.h" />
		<Unit filename="engine_particle.c">
			<Option compilerVar="CC" />
		</Unit>
		<Unit filename="engine_particle.h" />
		<Unit filename="engine_physics.c">
			<Option compilerVar="CC" />
		</Unit>
		<Unit filename="engine_physics.h" />
		<Unit filename="engine_script.c">
			<Option compilerVar="CC" />
		</Unit>
		<Unit filename="engine_script.h" />
		<Unit filename="engine_server.c">
			<Option compilerVar="CC" />
		</Unit>
		<Unit filename="engine_server.h" />
		<Unit filename="engine_videoshadow.c">
			<Option compilerVar="CC" />
		</Unit>
		<Unit filename="engine_videoshadow.h" />
		<Unit filename="gl_texmgr.c">
			<Option compilerVar="CC" />
		</Unit>
		<Unit filename="gl_texmgr.h" />
		<Unit filename="gl_vidnt.c">
			<Option compilerVar="CC" />
		</Unit>
		<Unit filename="glquake.h" />
		<Unit filename="host_cmd.c">
			<Option compilerVar="CC" />
		</Unit>
		<Unit filename="image.c">
			<Option compilerVar="CC" />
		</Unit>
		<Unit filename="image.h" />
		<Unit filename="keys.c">
			<Option compilerVar="CC" />
		</Unit>
		<Unit filename="keys.h" />
		<Unit filename="menu.c">
			<Option compilerVar="CC" />
		</Unit>
		<Unit filename="menu.h" />
		<Unit filename="network_winsock.h" />
		<Unit filename="pr_comp.h" />
		<Unit filename="progs.h" />
		<Unit filename="protocol.h" />
		<Unit filename="quakedef.h" />
		<Unit filename="render.h" />
		<Unit filename="resource.h" />
		<Unit filename="screen.h" />
		<Unit filename="server.h" />
		<Unit filename="server_edict.c">
			<Option compilerVar="CC" />
		</Unit>
		<Unit filename="server_main.c">
			<Option compilerVar="CC" />
		</Unit>
		<Unit filename="server_user.c">
			<Option compilerVar="CC" />
		</Unit>
		<Unit filename="server_world.c">
			<Option compilerVar="CC" />
		</Unit>
		<Unit filename="sound.h" />
		<Unit filename="sys.h" />
		<Unit filename="sys_win.c">
			<Option compilerVar="CC" />
		</Unit>
		<Unit filename="vid.h" />
		<Unit filename="video.c">
			<Option compilerVar="CC" />
		</Unit>
		<Unit filename="video.h" />
		<Unit filename="video_misc.c">
			<Option compilerVar="CC" />
		</Unit>
		<Unit filename="video_refrag.c">
			<Option compilerVar="CC" />
		</Unit>
		<Unit filename="view.h" />
		<Unit filename="winquake.h" />
		<Unit filename="world.h" />
		<Unit filename="zone.c">
			<Option compilerVar="CC" />
		</Unit>
		<Unit filename="zone.h" />
		<Extensions>
			<code_completion />
			<debugger />
			<envvars />
		</Extensions>
	</Project>
</CodeBlocks_project_file>
