<?xml version="1.0" encoding="utf-8"?>
<Project ToolsVersion="4.0" xmlns="http://schemas.microsoft.com/developer/msbuild/2003">
  <ItemGroup>
    <Filter Include="Shared">
      <UniqueIdentifier>{214bfd5b-5bbf-456a-aea5-11a0d707dd8e}</UniqueIdentifier>
    </Filter>
    <Filter Include="Legacy">
      <UniqueIdentifier>{e00778df-b576-4da4-ada2-0e2b7435e56d}</UniqueIdentifier>
    </Filter>
    <Filter Include="External">
      <UniqueIdentifier>{43e61e0d-c696-4895-b21b-f30edea514ab}</UniqueIdentifier>
    </Filter>
    <Filter Include="Client">
      <UniqueIdentifier>{f0ccfc9a-bab0-4174-9895-f5246a8ab4fb}</UniqueIdentifier>
    </Filter>
    <Filter Include="Client\Audio">
      <UniqueIdentifier>{08d41959-b691-4200-8939-61ac28b06306}</UniqueIdentifier>
    </Filter>
    <Filter Include="Client\Video">
      <UniqueIdentifier>{77ea4c2d-fc29-4aeb-bb27-3c33e9606552}</UniqueIdentifier>
    </Filter>
    <Filter Include="Server">
      <UniqueIdentifier>{0f375dec-2e73-49e9-8781-5f63e733672e}</UniqueIdentifier>
    </Filter>
    <Filter Include="Console">
      <UniqueIdentifier>{dcf4305a-6ad4-4a1d-8c03-7d16abc3355f}</UniqueIdentifier>
    </Filter>
    <Filter Include="Modules">
      <UniqueIdentifier>{c5611a4d-2e07-4438-aae7-3789ee89b3e0}</UniqueIdentifier>
    </Filter>
    <Filter Include="Network">
      <UniqueIdentifier>{118fcf6f-7dea-455c-8ded-044746a27dcb}</UniqueIdentifier>
    </Filter>
    <Filter Include="Client\Audio\Interfaces">
      <UniqueIdentifier>{4068ff62-f40e-400d-aa30-a573d3113102}</UniqueIdentifier>
    </Filter>
    <Filter Include="File System">
      <UniqueIdentifier>{7fe5a03c-b397-4e9c-9b13-87916e65c4a2}</UniqueIdentifier>
    </Filter>
    <Filter Include="Client\Editor">
      <UniqueIdentifier>{21f0f25d-e661-4ea9-8dd5-b90a159a2702}</UniqueIdentifier>
    </Filter>
  </ItemGroup>
  <ItemGroup>
    <ClCompile Include="engine_main.c" />
    <ClCompile Include="common.c">
      <Filter>Legacy</Filter>
    </ClCompile>
    <ClCompile Include="menu.c">
      <Filter>Legacy</Filter>
    </ClCompile>
    <ClCompile Include="sys_win.c">
      <Filter>Legacy</Filter>
    </ClCompile>
    <ClCompile Include="host_cmd.c">
      <Filter>Legacy</Filter>
    </ClCompile>
    <ClCompile Include="zone.c">
      <Filter>Legacy</Filter>
    </ClCompile>
    <ClCompile Include="keys.c">
      <Filter>Legacy</Filter>
    </ClCompile>
    <ClCompile Include="crc.c">
      <Filter>Legacy</Filter>
    </ClCompile>
    <ClCompile Include="console.c">
      <Filter>Console</Filter>
    </ClCompile>
    <ClCompile Include="gl_texmgr.c">
      <Filter>Client\Video</Filter>
    </ClCompile>
    <ClCompile Include="engine_script.c" />
    <ClCompile Include="engine_editor.c" />
    <ClCompile Include="cl_input.c">
      <Filter>Legacy</Filter>
    </ClCompile>
    <ClCompile Include="gl_vidnt.c">
      <Filter>Legacy</Filter>
    </ClCompile>
    <ClCompile Include="..\external\glee\GLee.c">
      <Filter>External</Filter>
    </ClCompile>
    <ClCompile Include="conproc.c">
      <Filter>Legacy</Filter>
    </ClCompile>
    <ClCompile Include="engine_client.c">
      <Filter>Client</Filter>
    </ClCompile>
    <ClCompile Include="engine_clientinput.c">
      <Filter>Client</Filter>
    </ClCompile>
    <ClCompile Include="engine_videoshadow.c">
      <Filter>Client\Video</Filter>
    </ClCompile>
    <ClCompile Include="engine_particle.c">
      <Filter>Client</Filter>
    </ClCompile>
    <ClCompile Include="..\shared\shared_formats.c">
      <Filter>Shared</Filter>
    </ClCompile>
    <ClCompile Include="engine_model.c">
      <Filter>Client</Filter>
    </ClCompile>
    <ClCompile Include="engine_console.c">
      <Filter>Console</Filter>
    </ClCompile>
    <ClCompile Include="engine_server.c">
      <Filter>Server</Filter>
    </ClCompile>
    <ClCompile Include="client_main.c">
      <Filter>Client</Filter>
    </ClCompile>
    <ClCompile Include="client_view.c">
      <Filter>Client</Filter>
    </ClCompile>
    <ClCompile Include="client_parse.c">
      <Filter>Client</Filter>
    </ClCompile>
    <ClCompile Include="client_tent.c">
      <Filter>Client</Filter>
    </ClCompile>
    <ClCompile Include="client_demo.c">
      <Filter>Client</Filter>
    </ClCompile>
    <ClCompile Include="client_chase.c">
      <Filter>Client</Filter>
    </ClCompile>
    <ClCompile Include="audio_dma.c">
      <Filter>Client\Audio</Filter>
    </ClCompile>
    <ClCompile Include="audio_mem.c">
      <Filter>Client\Audio</Filter>
    </ClCompile>
    <ClCompile Include="audio_mix.c">
      <Filter>Client\Audio</Filter>
    </ClCompile>
    <ClCompile Include="server_user.c">
      <Filter>Server</Filter>
    </ClCompile>
    <ClCompile Include="server_world.c">
      <Filter>Server</Filter>
    </ClCompile>
    <ClCompile Include="server_main.c">
      <Filter>Server</Filter>
    </ClCompile>
    <ClCompile Include="cmdlib.c">
      <Filter>Legacy</Filter>
    </ClCompile>
    <ClCompile Include="console_command.c">
      <Filter>Console</Filter>
    </ClCompile>
    <ClCompile Include="audio.c">
      <Filter>Client\Audio</Filter>
    </ClCompile>
    <ClCompile Include="video_refrag.c">
      <Filter>Client\Video</Filter>
    </ClCompile>
    <ClCompile Include="video_misc.c">
      <Filter>Client\Video</Filter>
    </ClCompile>
    <ClCompile Include="video.c">
      <Filter>Client\Video</Filter>
    </ClCompile>
    <ClCompile Include="network_windows.c">
      <Filter>Network</Filter>
    </ClCompile>
    <ClCompile Include="engine_netdgrm.c">
      <Filter>Network</Filter>
    </ClCompile>
    <ClCompile Include="engine_netloop.c">
      <Filter>Network</Filter>
    </ClCompile>
    <ClCompile Include="network_winsock.c">
      <Filter>Network</Filter>
    </ClCompile>
    <ClCompile Include="network_master.c">
      <Filter>Network</Filter>
    </ClCompile>
    <ClCompile Include="network.c">
      <Filter>Network</Filter>
    </ClCompile>
    <ClCompile Include="network_dummy.c">
      <Filter>Network</Filter>
    </ClCompile>
    <ClCompile Include="engine_modmenu.c">
      <Filter>Modules</Filter>
    </ClCompile>
    <ClCompile Include="engine_modgame.c">
      <Filter>Modules</Filter>
    </ClCompile>
    <ClCompile Include="image.c">
      <Filter>Client</Filter>
    </ClCompile>
    <ClCompile Include="server_edict.c">
      <Filter>Server</Filter>
    </ClCompile>
    <ClCompile Include="console_variable.c">
      <Filter>Console</Filter>
    </ClCompile>
    <ClCompile Include="engine_physics.c">
      <Filter>Server</Filter>
    </ClCompile>
    <ClCompile Include="audio_dsound.c">
      <Filter>Client\Audio\Interfaces</Filter>
    </ClCompile>
    <ClCompile Include="audio_dummy.c">
      <Filter>Client\Audio\Interfaces</Filter>
    </ClCompile>
    <ClCompile Include="ZirconLoader.c">
      <Filter>Client\Video</Filter>
    </ClCompile>
    <ClCompile Include="EngineMaterialEditor.c">
      <Filter>Client\Editor</Filter>
    </ClCompile>
    <ClCompile Include="EngineVideoLayer.c">
      <Filter>Client\Video</Filter>
    </ClCompile>
    <ClCompile Include="EngineVideoObject.c">
      <Filter>Client\Video</Filter>
    </ClCompile>
    <ClCompile Include="EngineSDLWindow.c">
      <Filter>Client</Filter>
    </ClCompile>
    <ClCompile Include="EngineVideoFog.c">
      <Filter>Client\Video</Filter>
    </ClCompile>
    <ClCompile Include="EngineVideoFont.c">
      <Filter>Client\Video</Filter>
    </ClCompile>
    <ClCompile Include="EngineVideoLights.c">
      <Filter>Client\Video</Filter>
    </ClCompile>
    <ClCompile Include="EngineVideoScreen.c">
      <Filter>Client\Video</Filter>
    </ClCompile>
    <ClCompile Include="EngineVideoSky.c">
      <Filter>Client\Video</Filter>
    </ClCompile>
    <ClCompile Include="EngineVideoSprite.c">
      <Filter>Client\Video</Filter>
    </ClCompile>
    <ClCompile Include="EngineVideoWarp.c">
      <Filter>Client\Video</Filter>
    </ClCompile>
    <ClCompile Include="EngineVideoWorld.c">
      <Filter>Client\Video</Filter>
    </ClCompile>
    <ClCompile Include="EngineVideoAlias.c">
      <Filter>Client\Video</Filter>
    </ClCompile>
    <ClCompile Include="EngineVideoBrush.c">
      <Filter>Client\Video</Filter>
    </ClCompile>
    <ClCompile Include="EngineVideoPrimitive.c">
      <Filter>Client\Video</Filter>
    </ClCompile>
    <ClCompile Include="EngineVideoMaterial.c">
      <Filter>Client\Video</Filter>
    </ClCompile>
    <ClCompile Include="EngineHost.c" />
    <ClCompile Include="EngineVideoLegacy.c">
      <Filter>Client\Video</Filter>
    </ClCompile>
  </ItemGroup>
  <ItemGroup>
    <ClInclude Include="..\shared\shared_client.h">
      <Filter>Shared</Filter>
    </ClInclude>
    <ClInclude Include="..\shared\shared_editor.h">
      <Filter>Shared</Filter>
    </ClInclude>
    <ClInclude Include="..\shared\shared_engine.h">
      <Filter>Shared</Filter>
    </ClInclude>
    <ClInclude Include="..\shared\shared_flags.h">
      <Filter>Shared</Filter>
    </ClInclude>
    <ClInclude Include="..\shared\shared_formats.h">
      <Filter>Shared</Filter>
    </ClInclude>
    <ClInclude Include="..\shared\shared_game.h">
      <Filter>Shared</Filter>
    </ClInclude>
    <ClInclude Include="..\shared\shared_input.h">
      <Filter>Shared</Filter>
    </ClInclude>
    <ClInclude Include="..\shared\shared_menu.h">
      <Filter>Shared</Filter>
    </ClInclude>
    <ClInclude Include="..\shared\shared_module.h">
      <Filter>Shared</Filter>
    </ClInclude>
    <ClInclude Include="..\shared\shared_server.h">
      <Filter>Shared</Filter>
    </ClInclude>
    <ClInclude Include="pr_comp.h">
      <Filter>Legacy</Filter>
    </ClInclude>
    <ClInclude Include="crc.h">
      <Filter>Legacy</Filter>
    </ClInclude>
    <ClInclude Include="common.h">
      <Filter>Legacy</Filter>
    </ClInclude>
    <ClInclude Include="server.h">
      <Filter>Legacy</Filter>
    </ClInclude>
    <ClInclude Include="quakedef.h">
      <Filter>Legacy</Filter>
    </ClInclude>
    <ClInclude Include="winquake.h">
      <Filter>Legacy</Filter>
    </ClInclude>
    <ClInclude Include="zone.h">
      <Filter>Legacy</Filter>
    </ClInclude>
    <ClInclude Include="world.h">
      <Filter>Legacy</Filter>
    </ClInclude>
    <ClInclude Include="view.h">
      <Filter>Legacy</Filter>
    </ClInclude>
    <ClInclude Include="vid.h">
      <Filter>Legacy</Filter>
    </ClInclude>
    <ClInclude Include="sys.h">
      <Filter>Legacy</Filter>
    </ClInclude>
    <ClInclude Include="sound.h">
      <Filter>Legacy</Filter>
    </ClInclude>
    <ClInclude Include="screen.h">
      <Filter>Legacy</Filter>
    </ClInclude>
    <ClInclude Include="resource.h">
      <Filter>Legacy</Filter>
    </ClInclude>
    <ClInclude Include="progs.h">
      <Filter>Legacy</Filter>
    </ClInclude>
    <ClInclude Include="protocol.h">
      <Filter>Legacy</Filter>
    </ClInclude>
    <ClInclude Include="menu.h">
      <Filter>Legacy</Filter>
    </ClInclude>
    <ClInclude Include="keys.h">
      <Filter>Legacy</Filter>
    </ClInclude>
    <ClInclude Include="KatAlias.h">
      <Filter>Legacy</Filter>
    </ClInclude>
    <ClInclude Include="engine_main.h" />
    <ClInclude Include="console.h">
      <Filter>Console</Filter>
    </ClInclude>
    <ClInclude Include="gl_texmgr.h">
      <Filter>Client\Video</Filter>
    </ClInclude>
    <ClInclude Include="cmd.h">
      <Filter>Console</Filter>
    </ClInclude>
    <ClInclude Include="cvar.h">
      <Filter>Console</Filter>
    </ClInclude>
    <ClInclude Include="engine_script.h" />
    <ClInclude Include="engine_editor.h" />
    <ClInclude Include="client.h">
      <Filter>Legacy</Filter>
    </ClInclude>
    <ClInclude Include="render.h">
      <Filter>Legacy</Filter>
    </ClInclude>
    <ClInclude Include="glquake.h">
      <Filter>Legacy</Filter>
    </ClInclude>
    <ClInclude Include="draw.h">
      <Filter>Legacy</Filter>
    </ClInclude>
    <ClInclude Include="conproc.h">
      <Filter>Legacy</Filter>
    </ClInclude>
    <ClInclude Include="engine_edict.h" />
    <ClInclude Include="engine_client.h">
      <Filter>Client</Filter>
    </ClInclude>
    <ClInclude Include="engine_clientinput.h">
      <Filter>Client</Filter>
    </ClInclude>
    <ClInclude Include="engine_videoshadow.h">
      <Filter>Client\Video</Filter>
    </ClInclude>
    <ClInclude Include="engine_particle.h">
      <Filter>Client</Filter>
    </ClInclude>
    <ClInclude Include="engine_model.h">
      <Filter>Client</Filter>
    </ClInclude>
    <ClInclude Include="engine_console.h">
      <Filter>Console</Filter>
    </ClInclude>
    <ClInclude Include="engine_server.h">
      <Filter>Server</Filter>
    </ClInclude>
    <ClInclude Include="cmdlib.h">
      <Filter>Legacy</Filter>
    </ClInclude>
    <ClInclude Include="audio.h">
      <Filter>Client\Audio</Filter>
    </ClInclude>
    <ClInclude Include="video.h">
      <Filter>Client\Video</Filter>
    </ClInclude>
    <ClInclude Include="engine_netserial.h">
      <Filter>Network</Filter>
    </ClInclude>
    <ClInclude Include="engine_netloop.h">
      <Filter>Network</Filter>
    </ClInclude>
    <ClInclude Include="engine_netdgrm.h">
      <Filter>Network</Filter>
    </ClInclude>
    <ClInclude Include="engine_net.h">
      <Filter>Network</Filter>
    </ClInclude>
    <ClInclude Include="network_winsock.h">
      <Filter>Network</Filter>
    </ClInclude>
    <ClInclude Include="engine_modmenu.h">
      <Filter>Modules</Filter>
    </ClInclude>
    <ClInclude Include="engine_modgame.h">
      <Filter>Modules</Filter>
    </ClInclude>
    <ClInclude Include="image.h">
      <Filter>Client</Filter>
    </ClInclude>
    <ClInclude Include="engine_physics.h">
      <Filter>Server</Filter>
    </ClInclude>
    <ClInclude Include="ZirconLoader.h">
      <Filter>Client\Video</Filter>
    </ClInclude>
    <ClInclude Include="EngineWindow.h">
      <Filter>Client</Filter>
    </ClInclude>
    <ClInclude Include="EngineVideoMaterial.h">
      <Filter>Client\Video</Filter>
    </ClInclude>
    <ClInclude Include="..\shared\SharedMaterial.h">
      <Filter>Shared</Filter>
    </ClInclude>
    <ClInclude Include="..\shared\SharedTexture.h">
      <Filter>Shared</Filter>
    </ClInclude>
    <ClInclude Include="..\shared\SharedModel.h">
      <Filter>Shared</Filter>
    </ClInclude>
    <ClInclude Include="..\shared\SharedZone.h">
      <Filter>Shared</Filter>
    </ClInclude>
  </ItemGroup>
  <ItemGroup>
    <ResourceCompile Include="engine.rc">
      <Filter>Legacy</Filter>
    </ResourceCompile>
  </ItemGroup>
</Project>