<?xml version="1.0" encoding="UTF-8" standalone="yes" ?>
<CodeBlocks_project_file>
	<FileVersion major="1" minor="6" />
	<Project>
		<Option title="Engine" />
		<Option pch_mode="2" />
		<Option compiler="gcc" />
		<Build>
			<Target title="x64">
				<Option output="../bin/engine/engine.x64.so" prefix_auto="0" extension_auto="0" />
				<Option working_dir="../bin" />
				<Option object_output="obj/Release/" />
				<Option type="3" />
				<Option compiler="gcc" />
				<Option host_application="/home/hogsy/git/KatanaEngine/bin/Launcher.x64" />
				<Option run_host_application_in_terminal="0" />
				<Option createDefFile="1" />
				<Option createStaticLib="1" />
				<Linker>
					<Add library="../platform/lib/libplatformx64.a" />
				</Linker>
			</Target>
			<Target title="x86">
				<Option output="../bin/engine/engine.x86.so" prefix_auto="0" extension_auto="0" />
				<Option working_dir="../bin" />
				<Option object_output="obj/Release/" />
				<Option type="3" />
				<Option compiler="gcc" />
				<Option createDefFile="1" />
				<Option createStaticLib="1" />
				<Compiler>
					<Add option="-m32" />
				</Compiler>
				<Linker>
					<Add library="../platform/lib/libplatformx86.a" />
				</Linker>
			</Target>
		</Build>
		<Compiler>
			<Add option="-Wall" />
			<Add option="-g" />
			<Add option="-fPIC" />
			<Add option="-DKATANA" />
			<Add directory="." />
			<Add directory=".." />
			<Add directory="../external" />
			<Add directory="../shared" />
			<Add directory="../common" />
			<Add directory="../game/shared" />
			<Add directory="../Include" />
			<Add directory="../platform/include" />
			<Add directory="../external/SDL2/include" />
			<Add directory="../external/glee" />
		</Compiler>
		<Linker>
			<Add option="-lGL" />
			<Add option="-lGLU" />
			<Add option="-lopenal" />
			<Add option="-lX11" />
			<Add option="-lSDL2" />
			<Add option="-ldl" />
		</Linker>
		<Unit filename="../external/glee/GLee.c">
			<Option compilerVar="CC" />
		</Unit>
		<Unit filename="../shared/SharedFormats.c">
			<Option compilerVar="CC" />
		</Unit>
		<Unit filename="EngineAudio.c">
			<Option compilerVar="CC" />
		</Unit>
		<Unit filename="EngineAudio.h" />
		<Unit filename="EngineAudioDMA.c">
			<Option compilerVar="CC" />
		</Unit>
		<Unit filename="EngineAudioDirectSound.c">
			<Option compilerVar="CC" />
		</Unit>
		<Unit filename="EngineAudioDummy.c">
			<Option compilerVar="CC" />
		</Unit>
		<Unit filename="EngineAudioMem.c">
			<Option compilerVar="CC" />
		</Unit>
		<Unit filename="EngineAudioMix.c">
			<Option compilerVar="CC" />
		</Unit>
		<Unit filename="EngineBase.h" />
		<Unit filename="EngineClient.c">
			<Option compilerVar="CC" />
		</Unit>
		<Unit filename="EngineClientChase.c">
			<Option compilerVar="CC" />
		</Unit>
		<Unit filename="EngineClientDemo.c">
			<Option compilerVar="CC" />
		</Unit>
		<Unit filename="EngineClientInput.c">
			<Option compilerVar="CC" />
		</Unit>
		<Unit filename="EngineClientParse.c">
			<Option compilerVar="CC" />
		</Unit>
		<Unit filename="EngineClientTempEntity.c">
			<Option compilerVar="CC" />
		</Unit>
		<Unit filename="EngineClientTempEntity.h" />
		<Unit filename="EngineClientView.c">
			<Option compilerVar="CC" />
		</Unit>
		<Unit filename="EngineClientView.h" />
		<Unit filename="EngineCommon.c">
			<Option compilerVar="CC" />
		</Unit>
		<Unit filename="EngineCommon.h" />
		<Unit filename="EngineConsole.c">
			<Option compilerVar="CC" />
		</Unit>
		<Unit filename="EngineConsole.h" />
		<Unit filename="EngineConsoleCommand.c">
			<Option compilerVar="CC" />
		</Unit>
		<Unit filename="EngineConsoleCommand.h" />
		<Unit filename="EngineConsoleVariable.c">
			<Option compilerVar="CC" />
		</Unit>
		<Unit filename="EngineConsoleVariable.h" />
		<Unit filename="EngineEditor.c">
			<Option compilerVar="CC" />
		</Unit>
		<Unit filename="EngineEditor.h" />
		<Unit filename="EngineGame.c">
			<Option compilerVar="CC" />
		</Unit>
		<Unit filename="EngineGame.h" />
		<Unit filename="EngineHost.c">
			<Option compilerVar="CC" />
		</Unit>
		<Unit filename="EngineHostCommand.c">
			<Option compilerVar="CC" />
		</Unit>
		<Unit filename="EngineImage.c">
			<Option compilerVar="CC" />
		</Unit>
		<Unit filename="EngineImage.h" />
		<Unit filename="EngineInput.c">
			<Option compilerVar="CC" />
		</Unit>
		<Unit filename="EngineInput.h" />
		<Unit filename="EngineMain.c">
			<Option compilerVar="CC" />
		</Unit>
		<Unit filename="EngineMain.h" />
		<Unit filename="EngineMaterialEditor.c">
			<Option compilerVar="CC" />
		</Unit>
		<Unit filename="EngineMaterialEditor.h" />
		<Unit filename="EngineMenu.c">
			<Option compilerVar="CC" />
		</Unit>
		<Unit filename="EngineMenu.h" />
		<Unit filename="EngineModel.c">
			<Option compilerVar="CC" />
		</Unit>
		<Unit filename="EngineModel.h" />
		<Unit filename="EngineNetwork.c">
			<Option compilerVar="CC" />
		</Unit>
		<Unit filename="EngineNetwork.h" />
		<Unit filename="EngineNetworkDummy.c">
			<Option compilerVar="CC" />
		</Unit>
		<Unit filename="EngineNetworkLoop.c">
			<Option compilerVar="CC" />
		</Unit>
		<Unit filename="EngineNetworkLoop.h" />
		<Unit filename="EngineNetworkSerial.h" />
		<Unit filename="EngineProtocol.h" />
		<Unit filename="EngineSDLWindow.c">
			<Option compilerVar="CC" />
		</Unit>
		<Unit filename="EngineScript.c">
			<Option compilerVar="CC" />
		</Unit>
		<Unit filename="EngineScript.h" />
		<Unit filename="EngineServer.c">
			<Option compilerVar="CC" />
		</Unit>
		<Unit filename="EngineServerEntity.c">
			<Option compilerVar="CC" />
		</Unit>
		<Unit filename="EngineServerEntity.h" />
		<Unit filename="EngineServerPhysics.c">
			<Option compilerVar="CC" />
		</Unit>
		<Unit filename="EngineServerPhysics.h" />
		<Unit filename="EngineServerUser.c">
			<Option compilerVar="CC" />
		</Unit>
		<Unit filename="EngineServerWorld.c">
			<Option compilerVar="CC" />
		</Unit>
		<Unit filename="EngineVideo.c">
			<Option compilerVar="CC" />
		</Unit>
		<Unit filename="EngineVideo.h" />
		<Unit filename="EngineVideoAlias.c">
			<Option compilerVar="CC" />
		</Unit>
		<Unit filename="EngineVideoAlias.h" />
		<Unit filename="EngineVideoBrush.c">
			<Option compilerVar="CC" />
		</Unit>
		<Unit filename="EngineVideoDraw.c">
			<Option compilerVar="CC" />
		</Unit>
		<Unit filename="EngineVideoDraw.h" />
		<Unit filename="EngineVideoEFrag.c">
			<Option compilerVar="CC" />
		</Unit>
		<Unit filename="EngineVideoFog.c">
			<Option compilerVar="CC" />
		</Unit>
		<Unit filename="EngineVideoFont.c">
			<Option compilerVar="CC" />
		</Unit>
		<Unit filename="EngineVideoLayer.c">
			<Option compilerVar="CC" />
		</Unit>
		<Unit filename="EngineVideoLegacy.c">
			<Option compilerVar="CC" />
		</Unit>
		<Unit filename="EngineVideoLegacy2.c">
			<Option compilerVar="CC" />
		</Unit>
		<Unit filename="EngineVideoLights.c">
			<Option compilerVar="CC" />
		</Unit>
		<Unit filename="EngineVideoMaterial.c">
			<Option compilerVar="CC" />
		</Unit>
		<Unit filename="EngineVideoMaterial.h" />
		<Unit filename="EngineVideoObject.c">
			<Option compilerVar="CC" />
		</Unit>
		<Unit filename="EngineVideoParticle.c">
			<Option compilerVar="CC" />
		</Unit>
		<Unit filename="EngineVideoParticle.h" />
		<Unit filename="EngineVideoScreen.c">
			<Option compilerVar="CC" />
		</Unit>
		<Unit filename="EngineVideoScreen.h" />
		<Unit filename="EngineVideoShader.cpp" />
		<Unit filename="EngineVideoShader.h" />
		<Unit filename="EngineVideoShadow.c">
			<Option compilerVar="CC" />
		</Unit>
		<Unit filename="EngineVideoShadow.h" />
		<Unit filename="EngineVideoSky.c">
			<Option compilerVar="CC" />
		</Unit>
		<Unit filename="EngineVideoSprite.c">
			<Option compilerVar="CC" />
		</Unit>
		<Unit filename="EngineVideoTextureManager.c">
			<Option compilerVar="CC" />
		</Unit>
		<Unit filename="EngineVideoTextureManager.h" />
		<Unit filename="EngineVideoWarp.c">
			<Option compilerVar="CC" />
		</Unit>
		<Unit filename="EngineVideoWindow.h" />
		<Unit filename="EngineVideoWorld.c">
			<Option compilerVar="CC" />
		</Unit>
		<Unit filename="client.h" />
		<Unit filename="cmdlib.c">
			<Option compilerVar="CC" />
		</Unit>
		<Unit filename="cmdlib.h" />
		<Unit filename="crc.c">
			<Option compilerVar="CC" />
		</Unit>
		<Unit filename="crc.h" />
		<Unit filename="engine_client.c">
			<Option compilerVar="CC" />
		</Unit>
		<Unit filename="engine_client.h" />
		<Unit filename="engine_netdgrm.c">
			<Option compilerVar="CC" />
		</Unit>
		<Unit filename="engine_netdgrm.h" />
		<Unit filename="engine_server.c">
			<Option compilerVar="CC" />
		</Unit>
		<Unit filename="engine_server.h" />
		<Unit filename="gl_vidnt.c">
			<Option compilerVar="CC" />
		</Unit>
		<Unit filename="glquake.h" />
		<Unit filename="keys.c">
			<Option compilerVar="CC" />
		</Unit>
		<Unit filename="keys.h" />
		<Unit filename="menu.c">
			<Option compilerVar="CC" />
		</Unit>
		<Unit filename="menu.h" />
		<Unit filename="pr_comp.h" />
		<Unit filename="progs.h" />
		<Unit filename="render.h" />
		<Unit filename="resource.h" />
		<Unit filename="server.h" />
		<Unit filename="sound.h" />
		<Unit filename="sys.h" />
		<Unit filename="sys_win.c">
			<Option compilerVar="CC" />
		</Unit>
		<Unit filename="vid.h" />
		<Unit filename="world.h" />
		<Unit filename="zone.c">
			<Option compilerVar="CC" />
		</Unit>
		<Unit filename="zone.h" />
		<Extensions>
			<code_completion />
			<debugger />
			<envvars />
		</Extensions>
	</Project>
</CodeBlocks_project_file>
