<?xml version="1.0" encoding="utf-8"?>
<Project ToolsVersion="4.0" xmlns="http://schemas.microsoft.com/developer/msbuild/2003">
  <ItemGroup>
    <Filter Include="Legacy">
      <UniqueIdentifier>{e00778df-b576-4da4-ada2-0e2b7435e56d}</UniqueIdentifier>
    </Filter>
    <Filter Include="Legacy\Network">
      <UniqueIdentifier>{118fcf6f-7dea-455c-8ded-044746a27dcb}</UniqueIdentifier>
    </Filter>
    <Filter Include="Legacy\Network\Interfaces">
      <UniqueIdentifier>{12aedf60-fc01-4dce-a337-75a4ed2c429d}</UniqueIdentifier>
    </Filter>
    <Filter Include="Legacy\External">
      <UniqueIdentifier>{43e61e0d-c696-4895-b21b-f30edea514ab}</UniqueIdentifier>
    </Filter>
    <Filter Include="Legacy\Console">
      <UniqueIdentifier>{dcf4305a-6ad4-4a1d-8c03-7d16abc3355f}</UniqueIdentifier>
    </Filter>
    <Filter Include="Legacy\Client">
      <UniqueIdentifier>{f0ccfc9a-bab0-4174-9895-f5246a8ab4fb}</UniqueIdentifier>
    </Filter>
    <Filter Include="Legacy\Client\Video">
      <UniqueIdentifier>{77ea4c2d-fc29-4aeb-bb27-3c33e9606552}</UniqueIdentifier>
    </Filter>
    <Filter Include="Legacy\Client\Editor">
      <UniqueIdentifier>{21f0f25d-e661-4ea9-8dd5-b90a159a2702}</UniqueIdentifier>
    </Filter>
    <Filter Include="Legacy\Client\Input">
      <UniqueIdentifier>{5e44a34d-a9ac-4eff-b4d5-40e9f55bc6f6}</UniqueIdentifier>
    </Filter>
    <Filter Include="Legacy\Modules">
      <UniqueIdentifier>{c5611a4d-2e07-4438-aae7-3789ee89b3e0}</UniqueIdentifier>
    </Filter>
    <Filter Include="Legacy\Server">
      <UniqueIdentifier>{0f375dec-2e73-49e9-8781-5f63e733672e}</UniqueIdentifier>
    </Filter>
    <Filter Include="Client">
      <UniqueIdentifier>{58810262-9f0f-4838-852a-88b58eab5b2e}</UniqueIdentifier>
    </Filter>
    <Filter Include="Client\Video">
      <UniqueIdentifier>{16c0cd61-6a2d-4a9a-ae91-9ded4dc10e05}</UniqueIdentifier>
    </Filter>
    <Filter Include="Client\Video\Shaders">
      <UniqueIdentifier>{af314822-6735-443a-950f-3a2f3dcf119f}</UniqueIdentifier>
    </Filter>
    <Filter Include="Client\Video\Shaders\Base">
      <UniqueIdentifier>{94332e8c-5538-40be-b3db-1d924d0160f6}</UniqueIdentifier>
    </Filter>
    <Filter Include="Client\Video\Shaders\Bloom">
      <UniqueIdentifier>{69010c1c-8316-463a-aeb9-c08a63366be1}</UniqueIdentifier>
    </Filter>
    <Filter Include="Client\Audio">
      <UniqueIdentifier>{c12cc687-965c-4955-8f42-74202d394245}</UniqueIdentifier>
    </Filter>
    <Filter Include="Client\Input">
      <UniqueIdentifier>{c6b992aa-fb54-4274-8893-9ecce59afa57}</UniqueIdentifier>
    </Filter>
    <Filter Include="Client\Game">
      <UniqueIdentifier>{b05ed56a-79b5-47c9-9fb1-d191092924be}</UniqueIdentifier>
    </Filter>
    <Filter Include="Server">
      <UniqueIdentifier>{2e4dcda0-35d9-42bb-8829-ff49c6285135}</UniqueIdentifier>
    </Filter>
    <Filter Include="Client\Video\Interfaces">
      <UniqueIdentifier>{7dcb15cb-2530-4696-b29c-1de8a7635517}</UniqueIdentifier>
    </Filter>
    <Filter Include="Shared">
      <UniqueIdentifier>{214bfd5b-5bbf-456a-aea5-11a0d707dd8e}</UniqueIdentifier>
    </Filter>
    <Filter Include="Shared\Formats">
      <UniqueIdentifier>{95406f5f-f141-4f65-8479-fcc86da8db3e}</UniqueIdentifier>
    </Filter>
    <Filter Include="Client\Video\Shaders\Water">
      <UniqueIdentifier>{68fc86c4-1c0c-4bb3-8e5c-1d546491e637}</UniqueIdentifier>
    </Filter>
    <Filter Include="Client\Video\Effects">
      <UniqueIdentifier>{60be56f8-d500-46fa-bdef-6a0f418c8948}</UniqueIdentifier>
    </Filter>
    <Filter Include="Client\Resources">
      <UniqueIdentifier>{b1d9c578-d636-49c8-aa97-40c994077491}</UniqueIdentifier>
    </Filter>
    <Filter Include="Client\Resources\Models">
      <UniqueIdentifier>{fc383661-239f-4081-b971-fb38f314c32f}</UniqueIdentifier>
    </Filter>
    <Filter Include="Client\Video\Camera">
      <UniqueIdentifier>{1af946ca-960a-4afe-a405-127c0c5d77f6}</UniqueIdentifier>
    </Filter>
  </ItemGroup>
  <ItemGroup>
    <ClCompile Include="menu.c">
      <Filter>Legacy</Filter>
    </ClCompile>
    <ClCompile Include="sys_win.c">
      <Filter>Legacy</Filter>
    </ClCompile>
    <ClCompile Include="zone.c">
      <Filter>Legacy</Filter>
    </ClCompile>
    <ClCompile Include="keys.c">
      <Filter>Legacy</Filter>
    </ClCompile>
    <ClCompile Include="crc.c">
      <Filter>Legacy</Filter>
    </ClCompile>
    <ClCompile Include="conproc.c">
      <Filter>Legacy</Filter>
    </ClCompile>
    <ClCompile Include="engine_client.c">
      <Filter>Legacy\Client</Filter>
    </ClCompile>
    <ClCompile Include="cmdlib.c">
      <Filter>Legacy</Filter>
    </ClCompile>
    <ClCompile Include="engine_netdgrm.c">
      <Filter>Legacy\Network</Filter>
    </ClCompile>
    <ClCompile Include="EngineMaterialEditor.c">
      <Filter>Legacy\Client\Editor</Filter>
    </ClCompile>
    <ClCompile Include="EngineVideoFog.c">
      <Filter>Legacy\Client\Video</Filter>
    </ClCompile>
    <ClCompile Include="EngineVideoFont.c">
      <Filter>Legacy\Client\Video</Filter>
    </ClCompile>
    <ClCompile Include="EngineVideoLights.c">
      <Filter>Legacy\Client\Video</Filter>
    </ClCompile>
    <ClCompile Include="EngineVideoScreen.c">
      <Filter>Legacy\Client\Video</Filter>
    </ClCompile>
    <ClCompile Include="EngineVideoSky.c">
      <Filter>Legacy\Client\Video</Filter>
    </ClCompile>
    <ClCompile Include="EngineVideoWarp.c">
      <Filter>Legacy\Client\Video</Filter>
    </ClCompile>
    <ClCompile Include="EngineVideoWorld.c">
      <Filter>Legacy\Client\Video</Filter>
    </ClCompile>
    <ClCompile Include="EngineVideoAlias.c">
      <Filter>Legacy\Client\Video</Filter>
    </ClCompile>
    <ClCompile Include="EngineNetwork.c">
      <Filter>Legacy\Network</Filter>
    </ClCompile>
    <ClCompile Include="EngineClientView.c">
      <Filter>Legacy\Client</Filter>
    </ClCompile>
    <ClCompile Include="EngineClientParse.c">
      <Filter>Legacy\Client</Filter>
    </ClCompile>
    <ClCompile Include="EngineClientDemo.c">
      <Filter>Legacy\Client</Filter>
    </ClCompile>
    <ClCompile Include="EngineClientChase.c">
      <Filter>Legacy\Client</Filter>
    </ClCompile>
    <ClCompile Include="EngineVideoTextureManager.c">
      <Filter>Legacy\Client\Video</Filter>
    </ClCompile>
    <ClCompile Include="EngineVideoParticle.c">
      <Filter>Legacy\Client\Video</Filter>
    </ClCompile>
    <ClCompile Include="EngineInput.c">
      <Filter>Legacy\Client\Input</Filter>
    </ClCompile>
    <ClCompile Include="EngineServerEntity.c">
      <Filter>Legacy\Server</Filter>
    </ClCompile>
    <ClCompile Include="EngineServer.c">
      <Filter>Legacy\Server</Filter>
    </ClCompile>
    <ClCompile Include="EngineServerUser.c">
      <Filter>Legacy\Server</Filter>
    </ClCompile>
    <ClCompile Include="EngineServerWorld.c">
      <Filter>Legacy\Server</Filter>
    </ClCompile>
    <ClCompile Include="EngineServerPhysics.c">
      <Filter>Legacy\Server</Filter>
    </ClCompile>
    <ClCompile Include="EngineGame.c">
      <Filter>Legacy\Modules</Filter>
    </ClCompile>
    <ClCompile Include="EngineConsoleCommand.c">
      <Filter>Legacy\Console</Filter>
    </ClCompile>
    <ClCompile Include="EngineConsoleVariable.c">
      <Filter>Legacy\Console</Filter>
    </ClCompile>
    <ClCompile Include="EngineMenu.c">
      <Filter>Legacy\Modules</Filter>
    </ClCompile>
    <ClCompile Include="EngineEditor.c">
      <Filter>Legacy\Client\Editor</Filter>
    </ClCompile>
    <ClCompile Include="EngineClient.c">
      <Filter>Legacy\Client</Filter>
    </ClCompile>
    <ClCompile Include="EngineVideoEFrag.c">
      <Filter>Legacy\Client\Video</Filter>
    </ClCompile>
    <ClCompile Include="EngineClientTempEntity.c">
      <Filter>Legacy\Client</Filter>
    </ClCompile>
    <ClCompile Include="..\shared\SharedFormats.c">
      <Filter>Shared</Filter>
    </ClCompile>
    <ClCompile Include="EngineNetworkLoop.c">
      <Filter>Legacy\Network</Filter>
    </ClCompile>
    <ClCompile Include="EngineNetworkDummy.c">
      <Filter>Legacy\Network\Interfaces</Filter>
    </ClCompile>
    <ClCompile Include="EngineNetworkWindows.c">
      <Filter>Legacy\Network\Interfaces</Filter>
    </ClCompile>
    <ClCompile Include="EngineNetworkWinsock.c">
      <Filter>Legacy\Network\Interfaces</Filter>
    </ClCompile>
    <ClCompile Include="EngineClientInput.c">
      <Filter>Legacy\Client</Filter>
    </ClCompile>
    <ClCompile Include="EngineImage.c">
      <Filter>Legacy\Client</Filter>
    </ClCompile>
    <ClCompile Include="EngineScript.c">
      <Filter>Legacy</Filter>
    </ClCompile>
    <ClCompile Include="EngineModel.c">
      <Filter>Legacy</Filter>
    </ClCompile>
    <ClCompile Include="EngineMain.c">
      <Filter>Legacy</Filter>
    </ClCompile>
    <ClCompile Include="EngineHostCommand.c">
      <Filter>Legacy</Filter>
    </ClCompile>
    <ClCompile Include="EngineHost.c">
      <Filter>Legacy</Filter>
    </ClCompile>
    <ClCompile Include="EngineCommon.c">
      <Filter>Legacy</Filter>
    </ClCompile>
    <ClCompile Include="shader_base.cpp">
      <Filter>Client\Video\Shaders\Base</Filter>
    </ClCompile>
    <ClCompile Include="video_shader.cpp">
      <Filter>Client\Video</Filter>
    </ClCompile>
    <ClCompile Include="video_framebuffer.cpp">
      <Filter>Client\Video</Filter>
    </ClCompile>
    <ClCompile Include="video_object.cpp">
      <Filter>Client\Video</Filter>
    </ClCompile>
    <ClCompile Include="video_sdlwindow.c">
      <Filter>Client\Video\Interfaces</Filter>
    </ClCompile>
    <ClCompile Include="engine_exception.cpp" />
    <ClCompile Include="video_draw.c">
      <Filter>Client\Video</Filter>
    </ClCompile>
    <ClCompile Include="video_layer.c">
      <Filter>Client\Video</Filter>
    </ClCompile>
    <ClCompile Include="video_brush.c">
      <Filter>Client\Video</Filter>
    </ClCompile>
    <ClCompile Include="shader_water.cpp">
      <Filter>Client\Video\Shaders\Water</Filter>
    </ClCompile>
    <ClCompile Include="model_u3d.cpp">
      <Filter>Client\Resources\Models</Filter>
    </ClCompile>
    <ClCompile Include="client\effect_sprite.cpp">
      <Filter>Client\Video\Effects</Filter>
    </ClCompile>
    <ClCompile Include="client\effect_particle.cpp">
      <Filter>Client\Video\Effects</Filter>
    </ClCompile>
    <ClCompile Include="client\effect_decal.cpp">
      <Filter>Client\Video\Effects</Filter>
    </ClCompile>
    <ClCompile Include="audio.cpp">
      <Filter>Client\Audio</Filter>
    </ClCompile>
    <ClCompile Include="video.cpp">
      <Filter>Client\Video</Filter>
    </ClCompile>
    <ClCompile Include="video_shadow.cpp">
      <Filter>Client\Video</Filter>
    </ClCompile>
    <ClCompile Include="material.cpp">
      <Filter>Client</Filter>
    </ClCompile>
    <ClCompile Include="video_testbed.cpp">
      <Filter>Client\Video</Filter>
    </ClCompile>
    <ClCompile Include="video_glidewindow.c">
      <Filter>Client\Video\Interfaces</Filter>
    </ClCompile>
    <ClCompile Include="EngineConsole.cpp">
      <Filter>Legacy\Console</Filter>
    </ClCompile>
    <ClCompile Include="EngineVideoLegacy.c">
      <Filter>Legacy\Client\Video</Filter>
    </ClCompile>
    <ClCompile Include="EngineVideoLegacy2.c">
      <Filter>Legacy\Client\Video</Filter>
    </ClCompile>
    <ClCompile Include="client\video_camera.cpp">
      <Filter>Client\Video</Filter>
    </ClCompile>
    <ClCompile Include="audio_wav.c">
      <Filter>Client\Audio</Filter>
    </ClCompile>
    <ClCompile Include="EngineAudioDummy.c" />
  </ItemGroup>
  <ItemGroup>
    <ClInclude Include="..\shared\shared_client.h">
      <Filter>Shared</Filter>
    </ClInclude>
    <ClInclude Include="..\shared\shared_editor.h">
      <Filter>Shared</Filter>
    </ClInclude>
    <ClInclude Include="..\shared\shared_game.h">
      <Filter>Shared</Filter>
    </ClInclude>
    <ClInclude Include="..\shared\shared_menu.h">
      <Filter>Shared</Filter>
    </ClInclude>
    <ClInclude Include="..\shared\shared_server.h">
      <Filter>Shared</Filter>
    </ClInclude>
    <ClInclude Include="pr_comp.h">
      <Filter>Legacy</Filter>
    </ClInclude>
    <ClInclude Include="crc.h">
      <Filter>Legacy</Filter>
    </ClInclude>
    <ClInclude Include="server.h">
      <Filter>Legacy</Filter>
    </ClInclude>
    <ClInclude Include="winquake.h">
      <Filter>Legacy</Filter>
    </ClInclude>
    <ClInclude Include="zone.h">
      <Filter>Legacy</Filter>
    </ClInclude>
    <ClInclude Include="world.h">
      <Filter>Legacy</Filter>
    </ClInclude>
    <ClInclude Include="vid.h">
      <Filter>Legacy</Filter>
    </ClInclude>
    <ClInclude Include="sys.h">
      <Filter>Legacy</Filter>
    </ClInclude>
    <ClInclude Include="sound.h">
      <Filter>Legacy</Filter>
    </ClInclude>
    <ClInclude Include="resource.h">
      <Filter>Legacy</Filter>
    </ClInclude>
    <ClInclude Include="progs.h">
      <Filter>Legacy</Filter>
    </ClInclude>
    <ClInclude Include="menu.h">
      <Filter>Legacy</Filter>
    </ClInclude>
    <ClInclude Include="keys.h">
      <Filter>Legacy</Filter>
    </ClInclude>
    <ClInclude Include="client.h">
      <Filter>Legacy</Filter>
    </ClInclude>
    <ClInclude Include="render.h">
      <Filter>Legacy</Filter>
    </ClInclude>
    <ClInclude Include="glquake.h">
      <Filter>Legacy</Filter>
    </ClInclude>
    <ClInclude Include="conproc.h">
      <Filter>Legacy</Filter>
    </ClInclude>
    <ClInclude Include="engine_client.h">
      <Filter>Legacy\Client</Filter>
    </ClInclude>
    <ClInclude Include="cmdlib.h">
      <Filter>Legacy</Filter>
    </ClInclude>
    <ClInclude Include="engine_netdgrm.h">
      <Filter>Legacy\Network</Filter>
    </ClInclude>
    <ClInclude Include="EngineVideoAlias.h">
      <Filter>Legacy\Client\Video</Filter>
    </ClInclude>
    <ClInclude Include="EngineVideoTextureManager.h">
      <Filter>Legacy\Client\Video</Filter>
    </ClInclude>
    <ClInclude Include="EngineVideoParticle.h">
      <Filter>Legacy\Client\Video</Filter>
    </ClInclude>
    <ClInclude Include="EngineInput.h">
      <Filter>Legacy\Client\Input</Filter>
    </ClInclude>
    <ClInclude Include="EngineServerEntity.h">
      <Filter>Legacy\Server</Filter>
    </ClInclude>
    <ClInclude Include="EngineServerPhysics.h">
      <Filter>Legacy\Server</Filter>
    </ClInclude>
    <ClInclude Include="EngineGame.h">
      <Filter>Legacy\Modules</Filter>
    </ClInclude>
    <ClInclude Include="EngineConsoleCommand.h">
      <Filter>Legacy\Console</Filter>
    </ClInclude>
    <ClInclude Include="EngineConsoleVariable.h">
      <Filter>Legacy\Console</Filter>
    </ClInclude>
    <ClInclude Include="EngineMenu.h">
      <Filter>Legacy\Modules</Filter>
    </ClInclude>
    <ClInclude Include="EngineEditor.h">
      <Filter>Legacy\Client\Editor</Filter>
    </ClInclude>
    <ClInclude Include="EngineConsole.h">
      <Filter>Legacy\Console</Filter>
    </ClInclude>
    <ClInclude Include="EngineClientView.h">
      <Filter>Legacy\Client</Filter>
    </ClInclude>
    <ClInclude Include="EngineVideoScreen.h">
      <Filter>Legacy\Client\Video</Filter>
    </ClInclude>
    <ClInclude Include="EngineVideoDraw.h">
      <Filter>Legacy\Client\Video</Filter>
    </ClInclude>
    <ClInclude Include="..\shared\SharedModule.h">
      <Filter>Shared</Filter>
    </ClInclude>
    <ClInclude Include="EngineNetwork.h">
      <Filter>Legacy\Network</Filter>
    </ClInclude>
    <ClInclude Include="EngineNetworkLoop.h">
      <Filter>Legacy\Network</Filter>
    </ClInclude>
    <ClInclude Include="EngineNetworkSerial.h">
      <Filter>Legacy\Network</Filter>
    </ClInclude>
    <ClInclude Include="EngineNetworkWinsock.h">
      <Filter>Legacy\Network\Interfaces</Filter>
    </ClInclude>
    <ClInclude Include="EngineMaterialEditor.h">
      <Filter>Legacy\Client\Editor</Filter>
    </ClInclude>
    <ClInclude Include="EngineClientTempEntity.h">
      <Filter>Legacy\Client</Filter>
    </ClInclude>
    <ClInclude Include="EngineServer.h">
      <Filter>Legacy\Server</Filter>
    </ClInclude>
    <ClInclude Include="EngineImage.h">
      <Filter>Legacy\Client</Filter>
    </ClInclude>
    <ClInclude Include="EngineScript.h">
      <Filter>Legacy</Filter>
    </ClInclude>
    <ClInclude Include="EngineProtocol.h">
      <Filter>Legacy</Filter>
    </ClInclude>
    <ClInclude Include="EngineModel.h">
      <Filter>Legacy</Filter>
    </ClInclude>
    <ClInclude Include="EngineMain.h">
      <Filter>Legacy</Filter>
    </ClInclude>
    <ClInclude Include="EngineCommon.h">
      <Filter>Legacy</Filter>
    </ClInclude>
    <ClInclude Include="video_shader.h">
      <Filter>Client\Video</Filter>
    </ClInclude>
    <ClInclude Include="video.h">
      <Filter>Client\Video</Filter>
    </ClInclude>
    <ClInclude Include="video_framebuffer.h">
      <Filter>Client\Video</Filter>
    </ClInclude>
    <ClInclude Include="video_object.h">
      <Filter>Client\Video</Filter>
    </ClInclude>
    <ClInclude Include="video_window.h">
      <Filter>Client\Video</Filter>
    </ClInclude>
    <ClInclude Include="..\shared\format_u3d.h">
      <Filter>Shared\Formats</Filter>
    </ClInclude>
    <ClInclude Include="..\shared\shared_formats.h">
      <Filter>Shared</Filter>
    </ClInclude>
    <ClInclude Include="engine_exception.h" />
    <ClInclude Include="engine_base.h" />
    <ClInclude Include="engine_class.h" />
    <ClInclude Include="..\shared\format_obj.h">
      <Filter>Shared\Formats</Filter>
    </ClInclude>
    <ClInclude Include="video_layer.h">
      <Filter>Client\Video</Filter>
    </ClInclude>
    <ClInclude Include="..\shared\shared_flags.h">
      <Filter>Shared</Filter>
    </ClInclude>
    <ClInclude Include="..\shared\shared_input.h">
      <Filter>Shared</Filter>
    </ClInclude>
    <ClInclude Include="..\shared\shared_material.h">
      <Filter>Shared</Filter>
    </ClInclude>
    <ClInclude Include="..\shared\shared_model.h">
      <Filter>Shared</Filter>
    </ClInclude>
    <ClInclude Include="..\shared\shared_texture.h">
      <Filter>Shared</Filter>
    </ClInclude>
    <ClInclude Include="..\shared\shared_video.h">
      <Filter>Shared</Filter>
    </ClInclude>
    <ClInclude Include="..\shared\shared_zone.h">
      <Filter>Shared</Filter>
    </ClInclude>
    <ClInclude Include="..\shared\format_iqm.h">
      <Filter>Shared\Formats</Filter>
    </ClInclude>
    <ClInclude Include="..\shared\shared_engine.h">
      <Filter>Shared</Filter>
    </ClInclude>
    <ClInclude Include="material.h">
      <Filter>Client</Filter>
    </ClInclude>
    <ClInclude Include="client\effect_sprite.h">
      <Filter>Client\Video\Effects</Filter>
    </ClInclude>
    <ClInclude Include="audio.h">
      <Filter>Client\Audio</Filter>
    </ClInclude>
    <ClInclude Include="video_light.h">
      <Filter>Legacy\Client\Video</Filter>
    </ClInclude>
    <ClInclude Include="..\shared\shared_client_effect.h">
      <Filter>Shared</Filter>
    </ClInclude>
    <ClInclude Include="video_shadow.h">
      <Filter>Client\Video</Filter>
    </ClInclude>
    <ClInclude Include="client\shader_base.h">
      <Filter>Client\Video\Shaders\Base</Filter>
    </ClInclude>
  </ItemGroup>
  <ItemGroup>
    <ResourceCompile Include="engine.rc" />
  </ItemGroup>
  <ItemGroup>
    <None Include="..\bin\engine\shaders\base_fragment.shader">
      <Filter>Client\Video\Shaders\Base</Filter>
    </None>
    <None Include="..\bin\engine\shaders\base_vertex.shader">
      <Filter>Client\Video\Shaders\Base</Filter>
    </None>
    <None Include="..\bin\engine\shaders\bloom_fragment.shader">
      <Filter>Client\Video\Shaders\Bloom</Filter>
    </None>
    <None Include="..\bin\engine\shaders\water_fragment.shader">
      <Filter>Client\Video\Shaders\Water</Filter>
    </None>
  </ItemGroup>
</Project>