
Microsoft Visual Studio Solution File, Format Version 12.00
# Visual Studio 2013
VisualStudioVersion = 12.0.31101.0
MinimumVisualStudioVersion = 10.0.40219.1
Project("{8BC9CEB8-8B4A-11D0-8D11-00A0C91BC942}") = "Platform", "..\platform\Platform.vcxproj", "{DDDBE2D3-7AFE-4CBF-8DE5-636374F63DF2}"
EndProject
Project("{8BC9CEB8-8B4A-11D0-8D11-00A0C91BC942}") = "JavaClient", "clientjava\JavaClient.vcxproj", "{0853EEE9-6BFB-4847-AC2C-AF07EDD721CB}"
EndProject
Global
	GlobalSection(SolutionConfigurationPlatforms) = preSolution
		Adamas|Win32 = Adamas|Win32
		Adamas|x64 = Adamas|x64
		Debug (Ictus)|Win32 = Debug (Ictus)|Win32
		Debug (Ictus)|x64 = Debug (Ictus)|x64
		Debug|Win32 = Debug|Win32
		Debug|x64 = Debug|x64
		Editor|Win32 = Editor|Win32
		Editor|x64 = Editor|x64
		OpenKatana|Win32 = OpenKatana|Win32
		OpenKatana|x64 = OpenKatana|x64
		Release|Win32 = Release|Win32
		Release|x64 = Release|x64
	EndGlobalSection
	GlobalSection(ProjectConfigurationPlatforms) = postSolution
		{DDDBE2D3-7AFE-4CBF-8DE5-636374F63DF2}.Adamas|Win32.ActiveCfg = Debug (Ictus)|Win32
		{DDDBE2D3-7AFE-4CBF-8DE5-636374F63DF2}.Adamas|Win32.Build.0 = Debug (Ictus)|Win32
		{DDDBE2D3-7AFE-4CBF-8DE5-636374F63DF2}.Adamas|x64.ActiveCfg = Debug (Ictus)|x64
		{DDDBE2D3-7AFE-4CBF-8DE5-636374F63DF2}.Adamas|x64.Build.0 = Debug (Ictus)|x64
		{DDDBE2D3-7AFE-4CBF-8DE5-636374F63DF2}.Debug (Ictus)|Win32.ActiveCfg = Debug (Ictus)|Win32
		{DDDBE2D3-7AFE-4CBF-8DE5-636374F63DF2}.Debug (Ictus)|Win32.Build.0 = Debug (Ictus)|Win32
		{DDDBE2D3-7AFE-4CBF-8DE5-636374F63DF2}.Debug (Ictus)|x64.ActiveCfg = Debug (Ictus)|x64
		{DDDBE2D3-7AFE-4CBF-8DE5-636374F63DF2}.Debug (Ictus)|x64.Build.0 = Debug (Ictus)|x64
		{DDDBE2D3-7AFE-4CBF-8DE5-636374F63DF2}.Debug|Win32.ActiveCfg = Debug|Win32
		{DDDBE2D3-7AFE-4CBF-8DE5-636374F63DF2}.Debug|Win32.Build.0 = Debug|Win32
		{DDDBE2D3-7AFE-4CBF-8DE5-636374F63DF2}.Debug|x64.ActiveCfg = Debug|x64
		{DDDBE2D3-7AFE-4CBF-8DE5-636374F63DF2}.Debug|x64.Build.0 = Debug|x64
		{DDDBE2D3-7AFE-4CBF-8DE5-636374F63DF2}.Editor|Win32.ActiveCfg = Debug (Ictus)|Win32
		{DDDBE2D3-7AFE-4CBF-8DE5-636374F63DF2}.Editor|Win32.Build.0 = Debug (Ictus)|Win32
		{DDDBE2D3-7AFE-4CBF-8DE5-636374F63DF2}.Editor|x64.ActiveCfg = Debug (Ictus)|x64
		{DDDBE2D3-7AFE-4CBF-8DE5-636374F63DF2}.Editor|x64.Build.0 = Debug (Ictus)|x64
		{DDDBE2D3-7AFE-4CBF-8DE5-636374F63DF2}.OpenKatana|Win32.ActiveCfg = Debug (Ictus)|Win32
		{DDDBE2D3-7AFE-4CBF-8DE5-636374F63DF2}.OpenKatana|Win32.Build.0 = Debug (Ictus)|Win32
		{DDDBE2D3-7AFE-4CBF-8DE5-636374F63DF2}.OpenKatana|x64.ActiveCfg = Debug (Ictus)|x64
		{DDDBE2D3-7AFE-4CBF-8DE5-636374F63DF2}.OpenKatana|x64.Build.0 = Debug (Ictus)|x64
		{DDDBE2D3-7AFE-4CBF-8DE5-636374F63DF2}.Release|Win32.ActiveCfg = Release|Win32
		{DDDBE2D3-7AFE-4CBF-8DE5-636374F63DF2}.Release|Win32.Build.0 = Release|Win32
		{DDDBE2D3-7AFE-4CBF-8DE5-636374F63DF2}.Release|x64.ActiveCfg = Release|x64
		{DDDBE2D3-7AFE-4CBF-8DE5-636374F63DF2}.Release|x64.Build.0 = Release|x64
		{0853EEE9-6BFB-4847-AC2C-AF07EDD721CB}.Adamas|Win32.ActiveCfg = Release|Win32
		{0853EEE9-6BFB-4847-AC2C-AF07EDD721CB}.Adamas|Win32.Build.0 = Release|Win32
		{0853EEE9-6BFB-4847-AC2C-AF07EDD721CB}.Adamas|x64.ActiveCfg = Release|x64
		{0853EEE9-6BFB-4847-AC2C-AF07EDD721CB}.Adamas|x64.Build.0 = Release|x64
		{0853EEE9-6BFB-4847-AC2C-AF07EDD721CB}.Debug (Ictus)|Win32.ActiveCfg = Debug|Win32
		{0853EEE9-6BFB-4847-AC2C-AF07EDD721CB}.Debug (Ictus)|Win32.Build.0 = Debug|Win32
		{0853EEE9-6BFB-4847-AC2C-AF07EDD721CB}.Debug (Ictus)|x64.ActiveCfg = Debug|x64
		{0853EEE9-6BFB-4847-AC2C-AF07EDD721CB}.Debug (Ictus)|x64.Build.0 = Debug|x64
		{0853EEE9-6BFB-4847-AC2C-AF07EDD721CB}.Debug|Win32.ActiveCfg = Debug|Win32
		{0853EEE9-6BFB-4847-AC2C-AF07EDD721CB}.Debug|Win32.Build.0 = Debug|Win32
		{0853EEE9-6BFB-4847-AC2C-AF07EDD721CB}.Debug|x64.ActiveCfg = Debug|x64
		{0853EEE9-6BFB-4847-AC2C-AF07EDD721CB}.Debug|x64.Build.0 = Debug|x64
		{0853EEE9-6BFB-4847-AC2C-AF07EDD721CB}.Editor|Win32.ActiveCfg = Release|Win32
		{0853EEE9-6BFB-4847-AC2C-AF07EDD721CB}.Editor|Win32.Build.0 = Release|Win32
		{0853EEE9-6BFB-4847-AC2C-AF07EDD721CB}.Editor|x64.ActiveCfg = Release|x64
		{0853EEE9-6BFB-4847-AC2C-AF07EDD721CB}.Editor|x64.Build.0 = Release|x64
		{0853EEE9-6BFB-4847-AC2C-AF07EDD721CB}.OpenKatana|Win32.ActiveCfg = Release|Win32
		{0853EEE9-6BFB-4847-AC2C-AF07EDD721CB}.OpenKatana|Win32.Build.0 = Release|Win32
		{0853EEE9-6BFB-4847-AC2C-AF07EDD721CB}.OpenKatana|x64.ActiveCfg = Release|x64
		{0853EEE9-6BFB-4847-AC2C-AF07EDD721CB}.OpenKatana|x64.Build.0 = Release|x64
		{0853EEE9-6BFB-4847-AC2C-AF07EDD721CB}.Release|Win32.ActiveCfg = Release|Win32
		{0853EEE9-6BFB-4847-AC2C-AF07EDD721CB}.Release|Win32.Build.0 = Release|Win32
		{0853EEE9-6BFB-4847-AC2C-AF07EDD721CB}.Release|x64.ActiveCfg = Release|x64
		{0853EEE9-6BFB-4847-AC2C-AF07EDD721CB}.Release|x64.Build.0 = Release|x64
	EndGlobalSection
	GlobalSection(SolutionProperties) = preSolution
		HideSolutionNode = FALSE
	EndGlobalSection
EndGlobal
