<?xml version="1.0" encoding="utf-8"?>
<Project ToolsVersion="4.0" xmlns="http://schemas.microsoft.com/developer/msbuild/2003">
  <ItemGroup>
    <ClCompile Include="platform.c" />
    <ClCompile Include="platform_filesystem.c" />
    <ClCompile Include="platform_window.c" />
    <ClCompile Include="platform_math.c" />
    <ClCompile Include="platform_log.c" />
    <ClCompile Include="platform_image.c" />
    <ClCompile Include="platform_model.cpp" />
    <ClCompile Include="platform_video_layer.cpp" />
    <ClCompile Include="platform_model_obj.cpp" />
    <ClCompile Include="platform_model_u3d.cpp" />
    <ClCompile Include="platform_model_iqm.cpp" />
    <ClCompile Include="platform_model_md2.cpp" />
    <ClCompile Include="platform_library.c" />
  </ItemGroup>
  <ItemGroup>
    <ClInclude Include="include\platform.h">
      <Filter>Include</Filter>
    </ClInclude>
    <ClInclude Include="include\platform_filesystem.h">
      <Filter>Include</Filter>
    </ClInclude>
    <ClInclude Include="include\platform_inttypes.h">
      <Filter>Include</Filter>
    </ClInclude>
    <ClInclude Include="include\platform_math.h">
      <Filter>Include</Filter>
    </ClInclude>
    <ClInclude Include="include\platform_stdint.h">
      <Filter>Include</Filter>
    </ClInclude>
    <ClInclude Include="include\platform_window.h">
      <Filter>Include</Filter>
    </ClInclude>
    <ClInclude Include="include\platform_log.h">
      <Filter>Include</Filter>
    </ClInclude>
    <ClInclude Include="include\platform_image.h">
      <Filter>Include</Filter>
    </ClInclude>
    <ClInclude Include="include\platform_model.h">
      <Filter>Include</Filter>
    </ClInclude>
    <ClInclude Include="include\platform_video_layer.h">
      <Filter>Include</Filter>
    </ClInclude>
    <ClInclude Include="include\platform_model_u3d.h">
      <Filter>Include</Filter>
    </ClInclude>
    <ClInclude Include="include\platform_model_obj.h">
      <Filter>Include</Filter>
    </ClInclude>
    <ClInclude Include="include\platform_library.h">
      <Filter>Include</Filter>
    </ClInclude>
  </ItemGroup>
  <ItemGroup>
    <Filter Include="Include">
      <UniqueIdentifier>{3f927dcb-3779-430f-9901-5e649246219e}</UniqueIdentifier>
    </Filter>
  </ItemGroup>
</Project>